# @generated by Move, please check-in and do not edit manually.

[move]
version = 3
manifest_digest = "BFC6DDB59D3C12BADD303E023D32EA421A50F283C0DF1720A0DC5CE4F52E6AEB"
deps_digest = "F8BBB0CCB2491CA29A3DF03D6F92277A4F3574266507ACD77214D37ECA3F3082"
dependencies = [
  { id = "Sui", name = "Sui" },
]

[[move.package]]
id = "MoveStdlib"
source = { git = "https://github.com/MystenLabs/sui.git", rev = "framework/testnet", subdir = "crates/sui-framework/packages/move-stdlib" }

[[move.package]]
id = "Sui"
source = { git = "https://github.com/MystenLabs/sui.git", rev = "framework/testnet", subdir = "crates/sui-framework/packages/sui-framework" }

dependencies = [
  { id = "MoveStdlib", name = "MoveStdlib" },
]

[move.toolchain-version]
compiler-version = "1.38.1"
edition = "2024.beta"
flavor = "sui"

[env]

[env.testnet]
chain-id = "4c78adac"
original-published-id = "0xc97a43743a86a32f8a44df73692c1fd9870e5e1b4b192a5c8becb176f7d2eace"
latest-published-id = "0xc97a43743a86a32f8a44df73692c1fd9870e5e1b4b192a5c8becb176f7d2eace"
published-version = "1"
